
Microsoft Visual Studio Solution File, Format Version 12.00
# Visual Studio Version 17
VisualStudioVersion = 17.10.35122.118
MinimumVisualStudioVersion = 10.0.40219.1
Project("{FAE04EC0-301F-11D3-BF4B-00C04F79EFBC}") = "love", "love.csproj", "{B6CFB9AF-38EF-46D8-802D-90D764006360}"
EndProject
Global
	GlobalSection(SolutionConfigurationPlatforms) = preSolution
		Debug|Any CPU = Debug|Any CPU
		Release|Any CPU = Release|Any CPU
	EndGlobalSection
	GlobalSection(ProjectConfigurationPlatforms) = postSolution
		{B6CFB9AF-38EF-46D8-802D-90D764006360}.Debug|Any CPU.ActiveCfg = Debug|Any CPU
		{B6CFB9AF-38EF-46D8-802D-90D764006360}.Debug|Any CPU.Build.0 = Debug|Any CPU
		{B6CFB9AF-38EF-46D8-802D-90D764006360}.Release|Any CPU.ActiveCfg = Release|Any CPU
		{B6CFB9AF-38EF-46D8-802D-90D764006360}.Release|Any CPU.Build.0 = Release|Any CPU
	EndGlobalSection
	GlobalSection(SolutionProperties) = preSolution
		HideSolutionNode = FALSE
	EndGlobalSection
	GlobalSection(ExtensibilityGlobals) = postSolution
		SolutionGuid = {CC09BDDE-52F0-4ACB-AA50-CA26E6C26266}
	EndGlobalSection
EndGlobal
